
Microsoft Visual Studio Solution File, Format Version 12.00
# Visual Studio Version 16
VisualStudioVersion = 16.0.30204.135
MinimumVisualStudioVersion = 10.0.40219.1
Project("{FAE04EC0-301F-11D3-BF4B-00C04F79EFBC}") = "Vidly", "VidlySite\Vidly.csproj", "{92AFD455-7637-4919-BF77-DC53553FCCE3}"
EndProject
Global
	GlobalSection(SolutionConfigurationPlatforms) = preSolution
		Debug|Any CPU = Debug|Any CPU
		Release|Any CPU = Release|Any CPU
		Testing|Any CPU = Testing|Any CPU
	EndGlobalSection
	GlobalSection(ProjectConfigurationPlatforms) = postSolution
		{92AFD455-7637-4919-BF77-DC53553FCCE3}.Debug|Any CPU.ActiveCfg = Debug|Any CPU
		{92AFD455-7637-4919-BF77-DC53553FCCE3}.Debug|Any CPU.Build.0 = Debug|Any CPU
		{92AFD455-7637-4919-BF77-DC53553FCCE3}.Release|Any CPU.ActiveCfg = Release|Any CPU
		{92AFD455-7637-4919-BF77-DC53553FCCE3}.Release|Any CPU.Build.0 = Release|Any CPU
		{92AFD455-7637-4919-BF77-DC53553FCCE3}.Testing|Any CPU.ActiveCfg = Testing|Any CPU
		{92AFD455-7637-4919-BF77-DC53553FCCE3}.Testing|Any CPU.Build.0 = Testing|Any CPU
	EndGlobalSection
	GlobalSection(SolutionProperties) = preSolution
		HideSolutionNode = FALSE
	EndGlobalSection
	GlobalSection(ExtensibilityGlobals) = postSolution
		SolutionGuid = {A7507A99-E0B4-4E87-8BB4-69D681151E08}
	EndGlobalSection
EndGlobal
